
Microsoft Visual Studio Solution File, Format Version 12.00
# Visual Studio Version 16
VisualStudioVersion = 16.0.34114.132
MinimumVisualStudioVersion = 10.0.40219.1
Project("{FAE04EC0-301F-11D3-BF4B-00C04F79EFBC}") = "PracticeTest", "PracticeTest\PracticeTest.csproj", "{8D707EF9-B61C-441D-8D43-BDBEA8C97FE1}"
EndProject
Global
	GlobalSection(SolutionConfigurationPlatforms) = preSolution
		Debug|Any CPU = Debug|Any CPU
		Release|Any CPU = Release|Any CPU
	EndGlobalSection
	GlobalSection(ProjectConfigurationPlatforms) = postSolution
		{8D707EF9-B61C-441D-8D43-BDBEA8C97FE1}.Debug|Any CPU.ActiveCfg = Debug|Any CPU
		{8D707EF9-B61C-441D-8D43-BDBEA8C97FE1}.Debug|Any CPU.Build.0 = Debug|Any CPU
		{8D707EF9-B61C-441D-8D43-BDBEA8C97FE1}.Release|Any CPU.ActiveCfg = Release|Any CPU
		{8D707EF9-B61C-441D-8D43-BDBEA8C97FE1}.Release|Any CPU.Build.0 = Release|Any CPU
	EndGlobalSection
	GlobalSection(SolutionProperties) = preSolution
		HideSolutionNode = FALSE
	EndGlobalSection
	GlobalSection(ExtensibilityGlobals) = postSolution
		SolutionGuid = {096B57B8-0E8D-4F92-B46F-93CEB0DE78E1}
	EndGlobalSection
EndGlobal
